
Microsoft Visual Studio Solution File, Format Version 12.00
# Visual Studio Version 17
VisualStudioVersion = 17.8.34309.116
MinimumVisualStudioVersion = 10.0.40219.1
Project("{FAE04EC0-301F-11D3-BF4B-00C04F79EFBC}") = "FilmArsivOtomasyonu", "FilmArsivOtomasyonu.csproj", "{A50B6613-A550-4D96-8A39-FAA8BAA773C2}"
EndProject
Global
	GlobalSection(SolutionConfigurationPlatforms) = preSolution
		Debug|Any CPU = Debug|Any CPU
		Release|Any CPU = Release|Any CPU
	EndGlobalSection
	GlobalSection(ProjectConfigurationPlatforms) = postSolution
		{A50B6613-A550-4D96-8A39-FAA8BAA773C2}.Debug|Any CPU.ActiveCfg = Debug|Any CPU
		{A50B6613-A550-4D96-8A39-FAA8BAA773C2}.Debug|Any CPU.Build.0 = Debug|Any CPU
		{A50B6613-A550-4D96-8A39-FAA8BAA773C2}.Release|Any CPU.ActiveCfg = Release|Any CPU
		{A50B6613-A550-4D96-8A39-FAA8BAA773C2}.Release|Any CPU.Build.0 = Release|Any CPU
	EndGlobalSection
	GlobalSection(SolutionProperties) = preSolution
		HideSolutionNode = FALSE
	EndGlobalSection
	GlobalSection(ExtensibilityGlobals) = postSolution
		SolutionGuid = {BC206197-F247-49D5-851D-DD2416024BF3}
	EndGlobalSection
EndGlobal
